// !$*UTF8*$!
{
	archiveVersion = 1;
	classes = {
	};
	objectVersion = 46;
	objects = {

/* Begin PBXBuildFile section */
		3C025DF11E905928000C665C /* CacheLayer.m in Sources */ = {isa = PBXBuildFile; fileRef = 3C025DF01E905928000C665C /* CacheLayer.m */; };
		3C025DF41E906106000C665C /* NewsParser.m in Sources */ = {isa = PBXBuildFile; fileRef = 3C025DF31E906106000C665C /* NewsParser.m */; };
		3C025DF71E90646D000C665C /* MasterService.m in Sources */ = {isa = PBXBuildFile; fileRef = 3C025DF61E90646D000C665C /* MasterService.m */; };
		3C025DFF1E907269000C665C /* NewsTitleEntity.m in Sources */ = {isa = PBXBuildFile; fileRef = 3C025DFE1E907269000C665C /* NewsTitleEntity.m */; };
		3C025E031E907316000C665C /* NewsTitleParser.m in Sources */ = {isa = PBXBuildFile; fileRef = 3C025E021E907316000C665C /* NewsTitleParser.m */; };
		3C025E071E9079E6000C665C /* DetailService.m in Sources */ = {isa = PBXBuildFile; fileRef = 3C025E061E9079E6000C665C /* DetailService.m */; };
		3C025E0E1E910091000C665C /* NewsTitleModel.m in Sources */ = {isa = PBXBuildFile; fileRef = 3C025E0D1E910091000C665C /* NewsTitleModel.m */; };
		3C025E111E911E6E000C665C /* NewsModel.m in Sources */ = {isa = PBXBuildFile; fileRef = 3C025E101E911E6E000C665C /* NewsModel.m */; };
		3C75AE091E8BFA7C006CDC0D /* main.m in Sources */ = {isa = PBXBuildFile; fileRef = 3C75AE081E8BFA7C006CDC0D /* main.m */; };
		3C75AE0C1E8BFA7C006CDC0D /* AppDelegate.m in Sources */ = {isa = PBXBuildFile; fileRef = 3C75AE0B1E8BFA7C006CDC0D /* AppDelegate.m */; };
		3C75AE0F1E8BFA7C006CDC0D /* TinkoffNews.xcdatamodeld in Sources */ = {isa = PBXBuildFile; fileRef = 3C75AE0D1E8BFA7C006CDC0D /* TinkoffNews.xcdatamodeld */; };
		3C75AE121E8BFA7C006CDC0D /* MasterViewController.m in Sources */ = {isa = PBXBuildFile; fileRef = 3C75AE111E8BFA7C006CDC0D /* MasterViewController.m */; };
		3C75AE181E8BFA7C006CDC0D /* Main.storyboard in Resources */ = {isa = PBXBuildFile; fileRef = 3C75AE161E8BFA7C006CDC0D /* Main.storyboard */; };
		3C75AE1A1E8BFA7C006CDC0D /* Assets.xcassets in Resources */ = {isa = PBXBuildFile; fileRef = 3C75AE191E8BFA7C006CDC0D /* Assets.xcassets */; };
		3C75AE1D1E8BFA7C006CDC0D /* LaunchScreen.storyboard in Resources */ = {isa = PBXBuildFile; fileRef = 3C75AE1B1E8BFA7C006CDC0D /* LaunchScreen.storyboard */; };
		3C75AE281E8BFA7C006CDC0D /* TinkoffNewsTests.m in Sources */ = {isa = PBXBuildFile; fileRef = 3C75AE271E8BFA7C006CDC0D /* TinkoffNewsTests.m */; };
		3C75AE331E8BFA7C006CDC0D /* TinkoffNewsUITests.m in Sources */ = {isa = PBXBuildFile; fileRef = 3C75AE321E8BFA7C006CDC0D /* TinkoffNewsUITests.m */; };
		3C75AE421E8BFE83006CDC0D /* WebLayer.m in Sources */ = {isa = PBXBuildFile; fileRef = 3C75AE411E8BFE83006CDC0D /* WebLayer.m */; };
		3C75AE451E8C57D8006CDC0D /* NewsEntity.m in Sources */ = {isa = PBXBuildFile; fileRef = 3C75AE441E8C57D8006CDC0D /* NewsEntity.m */; };
		3C75AE4E1E8DA1DB006CDC0D /* DetailViewController.m in Sources */ = {isa = PBXBuildFile; fileRef = 3C75AE4D1E8DA1DB006CDC0D /* DetailViewController.m */; };
		3C75AE511E8EEE55006CDC0D /* MasterPresenter.m in Sources */ = {isa = PBXBuildFile; fileRef = 3C75AE501E8EEE55006CDC0D /* MasterPresenter.m */; };
		3C75AE571E8F8DB6006CDC0D /* StringUtils.m in Sources */ = {isa = PBXBuildFile; fileRef = 3C75AE561E8F8DB6006CDC0D /* StringUtils.m */; };
		3C75AE5B1E8F8FCC006CDC0D /* MasterTableViewCell.m in Sources */ = {isa = PBXBuildFile; fileRef = 3C75AE591E8F8FCC006CDC0D /* MasterTableViewCell.m */; };
		3C75AE5C1E8F8FCC006CDC0D /* MasterTableViewCell.xib in Resources */ = {isa = PBXBuildFile; fileRef = 3C75AE5A1E8F8FCC006CDC0D /* MasterTableViewCell.xib */; };
		3C75AE5F1E8FA94C006CDC0D /* DetailPresenter.m in Sources */ = {isa = PBXBuildFile; fileRef = 3C75AE5E1E8FA94C006CDC0D /* DetailPresenter.m */; };
		3C75AE621E8FA999006CDC0D /* CoreDataStack.m in Sources */ = {isa = PBXBuildFile; fileRef = 3C75AE611E8FA999006CDC0D /* CoreDataStack.m */; };
		3C75AE691E8FD5B3006CDC0D /* NewsService.m in Sources */ = {isa = PBXBuildFile; fileRef = 3C75AE681E8FD5B3006CDC0D /* NewsService.m */; };
		3C75AE6C1E8FE163006CDC0D /* MasterViewData.m in Sources */ = {isa = PBXBuildFile; fileRef = 3C75AE6B1E8FE163006CDC0D /* MasterViewData.m */; };
		3C75AE701E8FF2DC006CDC0D /* DetailViewData.m in Sources */ = {isa = PBXBuildFile; fileRef = 3C75AE6F1E8FF2DC006CDC0D /* DetailViewData.m */; };
/* End PBXBuildFile section */

/* Begin PBXContainerItemProxy section */
		3C75AE241E8BFA7C006CDC0D /* PBXContainerItemProxy */ = {
			isa = PBXContainerItemProxy;
			containerPortal = 3C75ADFC1E8BFA7C006CDC0D /* Project object */;
			proxyType = 1;
			remoteGlobalIDString = 3C75AE031E8BFA7C006CDC0D;
			remoteInfo = TinkoffNews;
		};
		3C75AE2F1E8BFA7C006CDC0D /* PBXContainerItemProxy */ = {
			isa = PBXContainerItemProxy;
			containerPortal = 3C75ADFC1E8BFA7C006CDC0D /* Project object */;
			proxyType = 1;
			remoteGlobalIDString = 3C75AE031E8BFA7C006CDC0D;
			remoteInfo = TinkoffNews;
		};
/* End PBXContainerItemProxy section */

/* Begin PBXFileReference section */
		3C025DEF1E905928000C665C /* CacheLayer.h */ = {isa = PBXFileReference; fileEncoding = 4; lastKnownFileType = sourcecode.c.h; path = CacheLayer.h; sourceTree = "<group>"; };
		3C025DF01E905928000C665C /* CacheLayer.m */ = {isa = PBXFileReference; fileEncoding = 4; lastKnownFileType = sourcecode.c.objc; path = CacheLayer.m; sourceTree = "<group>"; };
		3C025DF21E906106000C665C /* NewsParser.h */ = {isa = PBXFileReference; fileEncoding = 4; lastKnownFileType = sourcecode.c.h; path = NewsParser.h; sourceTree = "<group>"; };
		3C025DF31E906106000C665C /* NewsParser.m */ = {isa = PBXFileReference; fileEncoding = 4; lastKnownFileType = sourcecode.c.objc; path = NewsParser.m; sourceTree = "<group>"; };
		3C025DF51E90646D000C665C /* MasterService.h */ = {isa = PBXFileReference; fileEncoding = 4; lastKnownFileType = sourcecode.c.h; path = MasterService.h; sourceTree = "<group>"; };
		3C025DF61E90646D000C665C /* MasterService.m */ = {isa = PBXFileReference; fileEncoding = 4; lastKnownFileType = sourcecode.c.objc; path = MasterService.m; sourceTree = "<group>"; };
		3C025DFC1E9064DC000C665C /* MasterServiceProtocol.h */ = {isa = PBXFileReference; fileEncoding = 4; lastKnownFileType = sourcecode.c.h; path = MasterServiceProtocol.h; sourceTree = "<group>"; };
		3C025DFD1E907269000C665C /* NewsTitleEntity.h */ = {isa = PBXFileReference; fileEncoding = 4; lastKnownFileType = sourcecode.c.h; path = NewsTitleEntity.h; sourceTree = "<group>"; };
		3C025DFE1E907269000C665C /* NewsTitleEntity.m */ = {isa = PBXFileReference; fileEncoding = 4; lastKnownFileType = sourcecode.c.objc; path = NewsTitleEntity.m; sourceTree = "<group>"; };
		3C025E011E907316000C665C /* NewsTitleParser.h */ = {isa = PBXFileReference; fileEncoding = 4; lastKnownFileType = sourcecode.c.h; path = NewsTitleParser.h; sourceTree = "<group>"; };
		3C025E021E907316000C665C /* NewsTitleParser.m */ = {isa = PBXFileReference; fileEncoding = 4; lastKnownFileType = sourcecode.c.objc; path = NewsTitleParser.m; sourceTree = "<group>"; };
		3C025E051E9079E6000C665C /* DetailService.h */ = {isa = PBXFileReference; fileEncoding = 4; lastKnownFileType = sourcecode.c.h; path = DetailService.h; sourceTree = "<group>"; };
		3C025E061E9079E6000C665C /* DetailService.m */ = {isa = PBXFileReference; fileEncoding = 4; lastKnownFileType = sourcecode.c.objc; path = DetailService.m; sourceTree = "<group>"; };
		3C025E081E907A4B000C665C /* DetailServiceProtocol.h */ = {isa = PBXFileReference; fileEncoding = 4; lastKnownFileType = sourcecode.c.h; path = DetailServiceProtocol.h; sourceTree = "<group>"; };
		3C025E0C1E910091000C665C /* NewsTitleModel.h */ = {isa = PBXFileReference; fileEncoding = 4; lastKnownFileType = sourcecode.c.h; path = NewsTitleModel.h; sourceTree = "<group>"; };
		3C025E0D1E910091000C665C /* NewsTitleModel.m */ = {isa = PBXFileReference; fileEncoding = 4; lastKnownFileType = sourcecode.c.objc; path = NewsTitleModel.m; sourceTree = "<group>"; };
		3C025E0F1E911E6E000C665C /* NewsModel.h */ = {isa = PBXFileReference; fileEncoding = 4; lastKnownFileType = sourcecode.c.h; path = NewsModel.h; sourceTree = "<group>"; };
		3C025E101E911E6E000C665C /* NewsModel.m */ = {isa = PBXFileReference; fileEncoding = 4; lastKnownFileType = sourcecode.c.objc; path = NewsModel.m; sourceTree = "<group>"; };
		3C025E121E91240F000C665C /* NewsProtocol.h */ = {isa = PBXFileReference; fileEncoding = 4; lastKnownFileType = sourcecode.c.h; path = NewsProtocol.h; sourceTree = "<group>"; };
		3C025E1F1E912E7C000C665C /* NewsTitleProtocol.h */ = {isa = PBXFileReference; fileEncoding = 4; lastKnownFileType = sourcecode.c.h; path = NewsTitleProtocol.h; sourceTree = "<group>"; };
		3C75AE041E8BFA7C006CDC0D /* TinkoffNews.app */ = {isa = PBXFileReference; explicitFileType = wrapper.application; includeInIndex = 0; path = TinkoffNews.app; sourceTree = BUILT_PRODUCTS_DIR; };
		3C75AE081E8BFA7C006CDC0D /* main.m */ = {isa = PBXFileReference; lastKnownFileType = sourcecode.c.objc; path = main.m; sourceTree = "<group>"; };
		3C75AE0A1E8BFA7C006CDC0D /* AppDelegate.h */ = {isa = PBXFileReference; lastKnownFileType = sourcecode.c.h; path = AppDelegate.h; sourceTree = "<group>"; };
		3C75AE0B1E8BFA7C006CDC0D /* AppDelegate.m */ = {isa = PBXFileReference; lastKnownFileType = sourcecode.c.objc; path = AppDelegate.m; sourceTree = "<group>"; };
		3C75AE0E1E8BFA7C006CDC0D /* TinkoffNews.xcdatamodel */ = {isa = PBXFileReference; lastKnownFileType = wrapper.xcdatamodel; path = TinkoffNews.xcdatamodel; sourceTree = "<group>"; };
		3C75AE101E8BFA7C006CDC0D /* MasterViewController.h */ = {isa = PBXFileReference; lastKnownFileType = sourcecode.c.h; path = MasterViewController.h; sourceTree = "<group>"; };
		3C75AE111E8BFA7C006CDC0D /* MasterViewController.m */ = {isa = PBXFileReference; lastKnownFileType = sourcecode.c.objc; path = MasterViewController.m; sourceTree = "<group>"; };
		3C75AE171E8BFA7C006CDC0D /* Base */ = {isa = PBXFileReference; lastKnownFileType = file.storyboard; name = Base; path = Base.lproj/Main.storyboard; sourceTree = "<group>"; };
		3C75AE191E8BFA7C006CDC0D /* Assets.xcassets */ = {isa = PBXFileReference; lastKnownFileType = folder.assetcatalog; path = Assets.xcassets; sourceTree = "<group>"; };
		3C75AE1C1E8BFA7C006CDC0D /* Base */ = {isa = PBXFileReference; lastKnownFileType = file.storyboard; name = Base; path = Base.lproj/LaunchScreen.storyboard; sourceTree = "<group>"; };
		3C75AE1E1E8BFA7C006CDC0D /* Info.plist */ = {isa = PBXFileReference; lastKnownFileType = text.plist.xml; path = Info.plist; sourceTree = "<group>"; };
		3C75AE231E8BFA7C006CDC0D /* TinkoffNewsTests.xctest */ = {isa = PBXFileReference; explicitFileType = wrapper.cfbundle; includeInIndex = 0; path = TinkoffNewsTests.xctest; sourceTree = BUILT_PRODUCTS_DIR; };
		3C75AE271E8BFA7C006CDC0D /* TinkoffNewsTests.m */ = {isa = PBXFileReference; lastKnownFileType = sourcecode.c.objc; path = TinkoffNewsTests.m; sourceTree = "<group>"; };
		3C75AE291E8BFA7C006CDC0D /* Info.plist */ = {isa = PBXFileReference; lastKnownFileType = text.plist.xml; path = Info.plist; sourceTree = "<group>"; };
		3C75AE2E1E8BFA7C006CDC0D /* TinkoffNewsUITests.xctest */ = {isa = PBXFileReference; explicitFileType = wrapper.cfbundle; includeInIndex = 0; path = TinkoffNewsUITests.xctest; sourceTree = BUILT_PRODUCTS_DIR; };
		3C75AE321E8BFA7C006CDC0D /* TinkoffNewsUITests.m */ = {isa = PBXFileReference; lastKnownFileType = sourcecode.c.objc; path = TinkoffNewsUITests.m; sourceTree = "<group>"; };
		3C75AE341E8BFA7C006CDC0D /* Info.plist */ = {isa = PBXFileReference; lastKnownFileType = text.plist.xml; path = Info.plist; sourceTree = "<group>"; };
		3C75AE401E8BFE83006CDC0D /* WebLayer.h */ = {isa = PBXFileReference; fileEncoding = 4; lastKnownFileType = sourcecode.c.h; path = WebLayer.h; sourceTree = "<group>"; };
		3C75AE411E8BFE83006CDC0D /* WebLayer.m */ = {isa = PBXFileReference; fileEncoding = 4; lastKnownFileType = sourcecode.c.objc; path = WebLayer.m; sourceTree = "<group>"; };
		3C75AE431E8C57D8006CDC0D /* NewsEntity.h */ = {isa = PBXFileReference; fileEncoding = 4; lastKnownFileType = sourcecode.c.h; path = NewsEntity.h; sourceTree = "<group>"; };
		3C75AE441E8C57D8006CDC0D /* NewsEntity.m */ = {isa = PBXFileReference; fileEncoding = 4; lastKnownFileType = sourcecode.c.objc; path = NewsEntity.m; sourceTree = "<group>"; };
		3C75AE4C1E8DA1DB006CDC0D /* DetailViewController.h */ = {isa = PBXFileReference; fileEncoding = 4; lastKnownFileType = sourcecode.c.h; path = DetailViewController.h; sourceTree = "<group>"; };
		3C75AE4D1E8DA1DB006CDC0D /* DetailViewController.m */ = {isa = PBXFileReference; fileEncoding = 4; lastKnownFileType = sourcecode.c.objc; path = DetailViewController.m; sourceTree = "<group>"; };
		3C75AE4F1E8EEE55006CDC0D /* MasterPresenter.h */ = {isa = PBXFileReference; fileEncoding = 4; lastKnownFileType = sourcecode.c.h; path = MasterPresenter.h; sourceTree = "<group>"; };
		3C75AE501E8EEE55006CDC0D /* MasterPresenter.m */ = {isa = PBXFileReference; fileEncoding = 4; lastKnownFileType = sourcecode.c.objc; path = MasterPresenter.m; sourceTree = "<group>"; };
		3C75AE551E8F8DB6006CDC0D /* StringUtils.h */ = {isa = PBXFileReference; fileEncoding = 4; lastKnownFileType = sourcecode.c.h; path = StringUtils.h; sourceTree = "<group>"; };
		3C75AE561E8F8DB6006CDC0D /* StringUtils.m */ = {isa = PBXFileReference; fileEncoding = 4; lastKnownFileType = sourcecode.c.objc; path = StringUtils.m; sourceTree = "<group>"; };
		3C75AE581E8F8FCC006CDC0D /* MasterTableViewCell.h */ = {isa = PBXFileReference; fileEncoding = 4; lastKnownFileType = sourcecode.c.h; path = MasterTableViewCell.h; sourceTree = "<group>"; };
		3C75AE591E8F8FCC006CDC0D /* MasterTableViewCell.m */ = {isa = PBXFileReference; fileEncoding = 4; lastKnownFileType = sourcecode.c.objc; path = MasterTableViewCell.m; sourceTree = "<group>"; };
		3C75AE5A1E8F8FCC006CDC0D /* MasterTableViewCell.xib */ = {isa = PBXFileReference; fileEncoding = 4; lastKnownFileType = file.xib; path = MasterTableViewCell.xib; sourceTree = "<group>"; };
		3C75AE5D1E8FA94C006CDC0D /* DetailPresenter.h */ = {isa = PBXFileReference; fileEncoding = 4; lastKnownFileType = sourcecode.c.h; path = DetailPresenter.h; sourceTree = "<group>"; };
		3C75AE5E1E8FA94C006CDC0D /* DetailPresenter.m */ = {isa = PBXFileReference; fileEncoding = 4; lastKnownFileType = sourcecode.c.objc; path = DetailPresenter.m; sourceTree = "<group>"; };
		3C75AE601E8FA999006CDC0D /* CoreDataStack.h */ = {isa = PBXFileReference; fileEncoding = 4; lastKnownFileType = sourcecode.c.h; path = CoreDataStack.h; sourceTree = "<group>"; };
		3C75AE611E8FA999006CDC0D /* CoreDataStack.m */ = {isa = PBXFileReference; fileEncoding = 4; lastKnownFileType = sourcecode.c.objc; path = CoreDataStack.m; sourceTree = "<group>"; };
		3C75AE631E8FD1E4006CDC0D /* MasterViewProtocol.h */ = {isa = PBXFileReference; fileEncoding = 4; lastKnownFileType = sourcecode.c.h; path = MasterViewProtocol.h; sourceTree = "<group>"; };
		3C75AE641E8FD308006CDC0D /* MasterPresenterProtocol.h */ = {isa = PBXFileReference; fileEncoding = 4; lastKnownFileType = sourcecode.c.h; path = MasterPresenterProtocol.h; sourceTree = "<group>"; };
		3C75AE651E8FD4DD006CDC0D /* DetailViewProtocol.h */ = {isa = PBXFileReference; fileEncoding = 4; lastKnownFileType = sourcecode.c.h; path = DetailViewProtocol.h; sourceTree = "<group>"; };
		3C75AE661E8FD4ED006CDC0D /* DetailPresenterProtocol.h */ = {isa = PBXFileReference; fileEncoding = 4; lastKnownFileType = sourcecode.c.h; path = DetailPresenterProtocol.h; sourceTree = "<group>"; };
		3C75AE671E8FD5B3006CDC0D /* NewsService.h */ = {isa = PBXFileReference; fileEncoding = 4; lastKnownFileType = sourcecode.c.h; path = NewsService.h; sourceTree = "<group>"; };
		3C75AE681E8FD5B3006CDC0D /* NewsService.m */ = {isa = PBXFileReference; fileEncoding = 4; lastKnownFileType = sourcecode.c.objc; path = NewsService.m; sourceTree = "<group>"; };
		3C75AE6A1E8FE163006CDC0D /* MasterViewData.h */ = {isa = PBXFileReference; fileEncoding = 4; lastKnownFileType = sourcecode.c.h; path = MasterViewData.h; sourceTree = "<group>"; };
		3C75AE6B1E8FE163006CDC0D /* MasterViewData.m */ = {isa = PBXFileReference; fileEncoding = 4; lastKnownFileType = sourcecode.c.objc; path = MasterViewData.m; sourceTree = "<group>"; };
		3C75AE6E1E8FF2DC006CDC0D /* DetailViewData.h */ = {isa = PBXFileReference; fileEncoding = 4; lastKnownFileType = sourcecode.c.h; path = DetailViewData.h; sourceTree = "<group>"; };
		3C75AE6F1E8FF2DC006CDC0D /* DetailViewData.m */ = {isa = PBXFileReference; fileEncoding = 4; lastKnownFileType = sourcecode.c.objc; path = DetailViewData.m; sourceTree = "<group>"; };
/* End PBXFileReference section */

/* Begin PBXFrameworksBuildPhase section */
		3C75AE011E8BFA7C006CDC0D /* Frameworks */ = {
			isa = PBXFrameworksBuildPhase;
			buildActionMask = 2147483647;
			files = (
			);
			runOnlyForDeploymentPostprocessing = 0;
		};
		3C75AE201E8BFA7C006CDC0D /* Frameworks */ = {
			isa = PBXFrameworksBuildPhase;
			buildActionMask = 2147483647;
			files = (
			);
			runOnlyForDeploymentPostprocessing = 0;
		};
		3C75AE2B1E8BFA7C006CDC0D /* Frameworks */ = {
			isa = PBXFrameworksBuildPhase;
			buildActionMask = 2147483647;
			files = (
			);
			runOnlyForDeploymentPostprocessing = 0;
		};
/* End PBXFrameworksBuildPhase section */

/* Begin PBXGroup section */
		3C025DF91E90648D000C665C /* View */ = {
			isa = PBXGroup;
			children = (
				3C75AE101E8BFA7C006CDC0D /* MasterViewController.h */,
				3C75AE111E8BFA7C006CDC0D /* MasterViewController.m */,
				3C75AE581E8F8FCC006CDC0D /* MasterTableViewCell.h */,
				3C75AE591E8F8FCC006CDC0D /* MasterTableViewCell.m */,
				3C75AE5A1E8F8FCC006CDC0D /* MasterTableViewCell.xib */,
				3C75AE631E8FD1E4006CDC0D /* MasterViewProtocol.h */,
			);
			name = View;
			sourceTree = "<group>";
		};
		3C025DFA1E906493000C665C /* Presenter */ = {
			isa = PBXGroup;
			children = (
				3C75AE641E8FD308006CDC0D /* MasterPresenterProtocol.h */,
				3C75AE4F1E8EEE55006CDC0D /* MasterPresenter.h */,
				3C75AE501E8EEE55006CDC0D /* MasterPresenter.m */,
			);
			name = Presenter;
			sourceTree = "<group>";
		};
		3C025DFB1E90649D000C665C /* Model */ = {
			isa = PBXGroup;
			children = (
				3C025DF51E90646D000C665C /* MasterService.h */,
				3C025DF61E90646D000C665C /* MasterService.m */,
				3C025DFC1E9064DC000C665C /* MasterServiceProtocol.h */,
			);
			name = Model;
			sourceTree = "<group>";
		};
		3C025E001E9072F4000C665C /* Entity */ = {
			isa = PBXGroup;
			children = (
				3C75AE431E8C57D8006CDC0D /* NewsEntity.h */,
				3C75AE441E8C57D8006CDC0D /* NewsEntity.m */,
				3C025DFD1E907269000C665C /* NewsTitleEntity.h */,
				3C025DFE1E907269000C665C /* NewsTitleEntity.m */,
				3C025E121E91240F000C665C /* NewsProtocol.h */,
				3C025E1F1E912E7C000C665C /* NewsTitleProtocol.h */,
			);
			name = Entity;
			sourceTree = "<group>";
		};
		3C025E041E90731A000C665C /* Parser */ = {
			isa = PBXGroup;
			children = (
				3C025DF21E906106000C665C /* NewsParser.h */,
				3C025DF31E906106000C665C /* NewsParser.m */,
				3C025E011E907316000C665C /* NewsTitleParser.h */,
				3C025E021E907316000C665C /* NewsTitleParser.m */,
			);
			name = Parser;
			sourceTree = "<group>";
		};
		3C025E091E907A68000C665C /* Model */ = {
			isa = PBXGroup;
			children = (
				3C025E051E9079E6000C665C /* DetailService.h */,
				3C025E061E9079E6000C665C /* DetailService.m */,
				3C025E081E907A4B000C665C /* DetailServiceProtocol.h */,
			);
			name = Model;
			sourceTree = "<group>";
		};
		3C025E0A1E907A79000C665C /* View */ = {
			isa = PBXGroup;
			children = (
				3C75AE4C1E8DA1DB006CDC0D /* DetailViewController.h */,
				3C75AE4D1E8DA1DB006CDC0D /* DetailViewController.m */,
				3C75AE651E8FD4DD006CDC0D /* DetailViewProtocol.h */,
			);
			name = View;
			sourceTree = "<group>";
		};
		3C025E0B1E907A8F000C665C /* Presenter */ = {
			isa = PBXGroup;
			children = (
				3C75AE5D1E8FA94C006CDC0D /* DetailPresenter.h */,
				3C75AE5E1E8FA94C006CDC0D /* DetailPresenter.m */,
				3C75AE661E8FD4ED006CDC0D /* DetailPresenterProtocol.h */,
			);
			name = Presenter;
			sourceTree = "<group>";
		};
		3C75ADFB1E8BFA7C006CDC0D = {
			isa = PBXGroup;
			children = (
				3C75AE061E8BFA7C006CDC0D /* TinkoffNews */,
				3C75AE261E8BFA7C006CDC0D /* TinkoffNewsTests */,
				3C75AE311E8BFA7C006CDC0D /* TinkoffNewsUITests */,
				3C75AE051E8BFA7C006CDC0D /* Products */,
			);
			sourceTree = "<group>";
		};
		3C75AE051E8BFA7C006CDC0D /* Products */ = {
			isa = PBXGroup;
			children = (
				3C75AE041E8BFA7C006CDC0D /* TinkoffNews.app */,
				3C75AE231E8BFA7C006CDC0D /* TinkoffNewsTests.xctest */,
				3C75AE2E1E8BFA7C006CDC0D /* TinkoffNewsUITests.xctest */,
			);
			name = Products;
			sourceTree = "<group>";
		};
		3C75AE061E8BFA7C006CDC0D /* TinkoffNews */ = {
			isa = PBXGroup;
			children = (
				3C75AE601E8FA999006CDC0D /* CoreDataStack.h */,
				3C75AE611E8FA999006CDC0D /* CoreDataStack.m */,
				3C75AE0D1E8BFA7C006CDC0D /* TinkoffNews.xcdatamodeld */,
				3C025E0F1E911E6E000C665C /* NewsModel.h */,
				3C025E101E911E6E000C665C /* NewsModel.m */,
				3C025E0C1E910091000C665C /* NewsTitleModel.h */,
				3C025E0D1E910091000C665C /* NewsTitleModel.m */,
				3C75AE541E8F8DA6006CDC0D /* Utils */,
				3C75AE6D1E8FE530006CDC0D /* Model */,
				3C75AE531E8EEEB0006CDC0D /* DetailViewController */,
				3C75AE521E8EEE9E006CDC0D /* MasterViewController */,
				3C75AE0A1E8BFA7C006CDC0D /* AppDelegate.h */,
				3C75AE0B1E8BFA7C006CDC0D /* AppDelegate.m */,
				3C75AE161E8BFA7C006CDC0D /* Main.storyboard */,
				3C75AE191E8BFA7C006CDC0D /* Assets.xcassets */,
				3C75AE1B1E8BFA7C006CDC0D /* LaunchScreen.storyboard */,
				3C75AE1E1E8BFA7C006CDC0D /* Info.plist */,
				3C75AE071E8BFA7C006CDC0D /* Supporting Files */,
			);
			path = TinkoffNews;
			sourceTree = "<group>";
		};
		3C75AE071E8BFA7C006CDC0D /* Supporting Files */ = {
			isa = PBXGroup;
			children = (
				3C75AE081E8BFA7C006CDC0D /* main.m */,
			);
			name = "Supporting Files";
			sourceTree = "<group>";
		};
		3C75AE261E8BFA7C006CDC0D /* TinkoffNewsTests */ = {
			isa = PBXGroup;
			children = (
				3C75AE271E8BFA7C006CDC0D /* TinkoffNewsTests.m */,
				3C75AE291E8BFA7C006CDC0D /* Info.plist */,
			);
			path = TinkoffNewsTests;
			sourceTree = "<group>";
		};
		3C75AE311E8BFA7C006CDC0D /* TinkoffNewsUITests */ = {
			isa = PBXGroup;
			children = (
				3C75AE321E8BFA7C006CDC0D /* TinkoffNewsUITests.m */,
				3C75AE341E8BFA7C006CDC0D /* Info.plist */,
			);
			path = TinkoffNewsUITests;
			sourceTree = "<group>";
		};
		3C75AE521E8EEE9E006CDC0D /* MasterViewController */ = {
			isa = PBXGroup;
			children = (
				3C025DFB1E90649D000C665C /* Model */,
				3C025DFA1E906493000C665C /* Presenter */,
				3C75AE6A1E8FE163006CDC0D /* MasterViewData.h */,
				3C75AE6B1E8FE163006CDC0D /* MasterViewData.m */,
				3C025DF91E90648D000C665C /* View */,
			);
			name = MasterViewController;
			sourceTree = "<group>";
		};
		3C75AE531E8EEEB0006CDC0D /* DetailViewController */ = {
			isa = PBXGroup;
			children = (
				3C025E0B1E907A8F000C665C /* Presenter */,
				3C75AE6E1E8FF2DC006CDC0D /* DetailViewData.h */,
				3C75AE6F1E8FF2DC006CDC0D /* DetailViewData.m */,
				3C025E0A1E907A79000C665C /* View */,
				3C025E091E907A68000C665C /* Model */,
			);
			name = DetailViewController;
			sourceTree = "<group>";
		};
		3C75AE541E8F8DA6006CDC0D /* Utils */ = {
			isa = PBXGroup;
			children = (
				3C75AE551E8F8DB6006CDC0D /* StringUtils.h */,
				3C75AE561E8F8DB6006CDC0D /* StringUtils.m */,
			);
			name = Utils;
			sourceTree = "<group>";
		};
		3C75AE6D1E8FE530006CDC0D /* Model */ = {
			isa = PBXGroup;
			children = (
				3C025E041E90731A000C665C /* Parser */,
				3C025E001E9072F4000C665C /* Entity */,
				3C75AE401E8BFE83006CDC0D /* WebLayer.h */,
				3C75AE411E8BFE83006CDC0D /* WebLayer.m */,
				3C025DEF1E905928000C665C /* CacheLayer.h */,
				3C025DF01E905928000C665C /* CacheLayer.m */,
				3C75AE671E8FD5B3006CDC0D /* NewsService.h */,
				3C75AE681E8FD5B3006CDC0D /* NewsService.m */,
			);
			name = Model;
			sourceTree = "<group>";
		};
/* End PBXGroup section */

/* Begin PBXNativeTarget section */
		3C75AE031E8BFA7C006CDC0D /* TinkoffNews */ = {
			isa = PBXNativeTarget;
			buildConfigurationList = 3C75AE371E8BFA7C006CDC0D /* Build configuration list for PBXNativeTarget "TinkoffNews" */;
			buildPhases = (
				3C75AE001E8BFA7C006CDC0D /* Sources */,
				3C75AE011E8BFA7C006CDC0D /* Frameworks */,
				3C75AE021E8BFA7C006CDC0D /* Resources */,
			);
			buildRules = (
			);
			dependencies = (
			);
			name = TinkoffNews;
			productName = TinkoffNews;
			productReference = 3C75AE041E8BFA7C006CDC0D /* TinkoffNews.app */;
			productType = "com.apple.product-type.application";
		};
		3C75AE221E8BFA7C006CDC0D /* TinkoffNewsTests */ = {
			isa = PBXNativeTarget;
			buildConfigurationList = 3C75AE3A1E8BFA7C006CDC0D /* Build configuration list for PBXNativeTarget "TinkoffNewsTests" */;
			buildPhases = (
				3C75AE1F1E8BFA7C006CDC0D /* Sources */,
				3C75AE201E8BFA7C006CDC0D /* Frameworks */,
				3C75AE211E8BFA7C006CDC0D /* Resources */,
			);
			buildRules = (
			);
			dependencies = (
				3C75AE251E8BFA7C006CDC0D /* PBXTargetDependency */,
			);
			name = TinkoffNewsTests;
			productName = TinkoffNewsTests;
			productReference = 3C75AE231E8BFA7C006CDC0D /* TinkoffNewsTests.xctest */;
			productType = "com.apple.product-type.bundle.unit-test";
		};
		3C75AE2D1E8BFA7C006CDC0D /* TinkoffNewsUITests */ = {
			isa = PBXNativeTarget;
			buildConfigurationList = 3C75AE3D1E8BFA7C006CDC0D /* Build configuration list for PBXNativeTarget "TinkoffNewsUITests" */;
			buildPhases = (
				3C75AE2A1E8BFA7C006CDC0D /* Sources */,
				3C75AE2B1E8BFA7C006CDC0D /* Frameworks */,
				3C75AE2C1E8BFA7C006CDC0D /* Resources */,
			);
			buildRules = (
			);
			dependencies = (
				3C75AE301E8BFA7C006CDC0D /* PBXTargetDependency */,
			);
			name = TinkoffNewsUITests;
			productName = TinkoffNewsUITests;
			productReference = 3C75AE2E1E8BFA7C006CDC0D /* TinkoffNewsUITests.xctest */;
			productType = "com.apple.product-type.bundle.ui-testing";
		};
/* End PBXNativeTarget section */

/* Begin PBXProject section */
		3C75ADFC1E8BFA7C006CDC0D /* Project object */ = {
			isa = PBXProject;
			attributes = {
				LastUpgradeCheck = 0820;
				ORGANIZATIONNAME = Valeriy;
				TargetAttributes = {
					3C75AE031E8BFA7C006CDC0D = {
						CreatedOnToolsVersion = 8.2.1;
						DevelopmentTeam = NCYYLU3JJG;
						ProvisioningStyle = Automatic;
					};
					3C75AE221E8BFA7C006CDC0D = {
						CreatedOnToolsVersion = 8.2.1;
						ProvisioningStyle = Automatic;
						TestTargetID = 3C75AE031E8BFA7C006CDC0D;
					};
					3C75AE2D1E8BFA7C006CDC0D = {
						CreatedOnToolsVersion = 8.2.1;
						ProvisioningStyle = Automatic;
						TestTargetID = 3C75AE031E8BFA7C006CDC0D;
					};
				};
			};
			buildConfigurationList = 3C75ADFF1E8BFA7C006CDC0D /* Build configuration list for PBXProject "TinkoffNews" */;
			compatibilityVersion = "Xcode 3.2";
			developmentRegion = English;
			hasScannedForEncodings = 0;
			knownRegions = (
				en,
				Base,
			);
			mainGroup = 3C75ADFB1E8BFA7C006CDC0D;
			productRefGroup = 3C75AE051E8BFA7C006CDC0D /* Products */;
			projectDirPath = "";
			projectRoot = "";
			targets = (
				3C75AE031E8BFA7C006CDC0D /* TinkoffNews */,
				3C75AE221E8BFA7C006CDC0D /* TinkoffNewsTests */,
				3C75AE2D1E8BFA7C006CDC0D /* TinkoffNewsUITests */,
			);
		};
/* End PBXProject section */

/* Begin PBXResourcesBuildPhase section */
		3C75AE021E8BFA7C006CDC0D /* Resources */ = {
			isa = PBXResourcesBuildPhase;
			buildActionMask = 2147483647;
			files = (
				3C75AE1D1E8BFA7C006CDC0D /* LaunchScreen.storyboard in Resources */,
				3C75AE1A1E8BFA7C006CDC0D /* Assets.xcassets in Resources */,
				3C75AE181E8BFA7C006CDC0D /* Main.storyboard in Resources */,
				3C75AE5C1E8F8FCC006CDC0D /* MasterTableViewCell.xib in Resources */,
			);
			runOnlyForDeploymentPostprocessing = 0;
		};
		3C75AE211E8BFA7C006CDC0D /* Resources */ = {
			isa = PBXResourcesBuildPhase;
			buildActionMask = 2147483647;
			files = (
			);
			runOnlyForDeploymentPostprocessing = 0;
		};
		3C75AE2C1E8BFA7C006CDC0D /* Resources */ = {
			isa = PBXResourcesBuildPhase;
			buildActionMask = 2147483647;
			files = (
			);
			runOnlyForDeploymentPostprocessing = 0;
		};
/* End PBXResourcesBuildPhase section */

/* Begin PBXSourcesBuildPhase section */
		3C75AE001E8BFA7C006CDC0D /* Sources */ = {
			isa = PBXSourcesBuildPhase;
			buildActionMask = 2147483647;
			files = (
				3C75AE6C1E8FE163006CDC0D /* MasterViewData.m in Sources */,
				3C75AE5B1E8F8FCC006CDC0D /* MasterTableViewCell.m in Sources */,
				3C75AE121E8BFA7C006CDC0D /* MasterViewController.m in Sources */,
				3C025E071E9079E6000C665C /* DetailService.m in Sources */,
				3C75AE691E8FD5B3006CDC0D /* NewsService.m in Sources */,
				3C025E031E907316000C665C /* NewsTitleParser.m in Sources */,
				3C75AE0F1E8BFA7C006CDC0D /* TinkoffNews.xcdatamodeld in Sources */,
				3C75AE4E1E8DA1DB006CDC0D /* DetailViewController.m in Sources */,
				3C75AE5F1E8FA94C006CDC0D /* DetailPresenter.m in Sources */,
				3C025DFF1E907269000C665C /* NewsTitleEntity.m in Sources */,
				3C025DF41E906106000C665C /* NewsParser.m in Sources */,
				3C75AE0C1E8BFA7C006CDC0D /* AppDelegate.m in Sources */,
				3C025DF11E905928000C665C /* CacheLayer.m in Sources */,
				3C025E0E1E910091000C665C /* NewsTitleModel.m in Sources */,
				3C75AE701E8FF2DC006CDC0D /* DetailViewData.m in Sources */,
				3C75AE091E8BFA7C006CDC0D /* main.m in Sources */,
				3C75AE571E8F8DB6006CDC0D /* StringUtils.m in Sources */,
				3C75AE421E8BFE83006CDC0D /* WebLayer.m in Sources */,
				3C75AE451E8C57D8006CDC0D /* NewsEntity.m in Sources */,
				3C025DF71E90646D000C665C /* MasterService.m in Sources */,
				3C025E111E911E6E000C665C /* NewsModel.m in Sources */,
				3C75AE511E8EEE55006CDC0D /* MasterPresenter.m in Sources */,
				3C75AE621E8FA999006CDC0D /* CoreDataStack.m in Sources */,
			);
			runOnlyForDeploymentPostprocessing = 0;
		};
		3C75AE1F1E8BFA7C006CDC0D /* Sources */ = {
			isa = PBXSourcesBuildPhase;
			buildActionMask = 2147483647;
			files = (
				3C75AE281E8BFA7C006CDC0D /* TinkoffNewsTests.m in Sources */,
			);
			runOnlyForDeploymentPostprocessing = 0;
		};
		3C75AE2A1E8BFA7C006CDC0D /* Sources */ = {
			isa = PBXSourcesBuildPhase;
			buildActionMask = 2147483647;
			files = (
				3C75AE331E8BFA7C006CDC0D /* TinkoffNewsUITests.m in Sources */,
			);
			runOnlyForDeploymentPostprocessing = 0;
		};
/* End PBXSourcesBuildPhase section */

/* Begin PBXTargetDependency section */
		3C75AE251E8BFA7C006CDC0D /* PBXTargetDependency */ = {
			isa = PBXTargetDependency;
			target = 3C75AE031E8BFA7C006CDC0D /* TinkoffNews */;
			targetProxy = 3C75AE241E8BFA7C006CDC0D /* PBXContainerItemProxy */;
		};
		3C75AE301E8BFA7C006CDC0D /* PBXTargetDependency */ = {
			isa = PBXTargetDependency;
			target = 3C75AE031E8BFA7C006CDC0D /* TinkoffNews */;
			targetProxy = 3C75AE2F1E8BFA7C006CDC0D /* PBXContainerItemProxy */;
		};
/* End PBXTargetDependency section */

/* Begin PBXVariantGroup section */
		3C75AE161E8BFA7C006CDC0D /* Main.storyboard */ = {
			isa = PBXVariantGroup;
			children = (
				3C75AE171E8BFA7C006CDC0D /* Base */,
			);
			name = Main.storyboard;
			sourceTree = "<group>";
		};
		3C75AE1B1E8BFA7C006CDC0D /* LaunchScreen.storyboard */ = {
			isa = PBXVariantGroup;
			children = (
				3C75AE1C1E8BFA7C006CDC0D /* Base */,
			);
			name = LaunchScreen.storyboard;
			sourceTree = "<group>";
		};
/* End PBXVariantGroup section */

/* Begin XCBuildConfiguration section */
		3C75AE351E8BFA7C006CDC0D /* Debug */ = {
			isa = XCBuildConfiguration;
			buildSettings = {
				ALWAYS_SEARCH_USER_PATHS = NO;
				CLANG_ANALYZER_NONNULL = YES;
				CLANG_CXX_LANGUAGE_STANDARD = "gnu++0x";
				CLANG_CXX_LIBRARY = "libc++";
				CLANG_ENABLE_MODULES = YES;
				CLANG_ENABLE_OBJC_ARC = YES;
				CLANG_WARN_BOOL_CONVERSION = YES;
				CLANG_WARN_CONSTANT_CONVERSION = YES;
				CLANG_WARN_DIRECT_OBJC_ISA_USAGE = YES_ERROR;
				CLANG_WARN_DOCUMENTATION_COMMENTS = YES;
				CLANG_WARN_EMPTY_BODY = YES;
				CLANG_WARN_ENUM_CONVERSION = YES;
				CLANG_WARN_INFINITE_RECURSION = YES;
				CLANG_WARN_INT_CONVERSION = YES;
				CLANG_WARN_OBJC_ROOT_CLASS = YES_ERROR;
				CLANG_WARN_SUSPICIOUS_MOVE = YES;
				CLANG_WARN_UNREACHABLE_CODE = YES;
				CLANG_WARN__DUPLICATE_METHOD_MATCH = YES;
				"CODE_SIGN_IDENTITY[sdk=iphoneos*]" = "iPhone Developer";
				COPY_PHASE_STRIP = NO;
				DEBUG_INFORMATION_FORMAT = dwarf;
				ENABLE_STRICT_OBJC_MSGSEND = YES;
				ENABLE_TESTABILITY = YES;
				GCC_C_LANGUAGE_STANDARD = gnu99;
				GCC_DYNAMIC_NO_PIC = NO;
				GCC_NO_COMMON_BLOCKS = YES;
				GCC_OPTIMIZATION_LEVEL = 0;
				GCC_PREPROCESSOR_DEFINITIONS = (
					"DEBUG=1",
					"$(inherited)",
				);
				GCC_WARN_64_TO_32_BIT_CONVERSION = YES;
				GCC_WARN_ABOUT_RETURN_TYPE = YES_ERROR;
				GCC_WARN_UNDECLARED_SELECTOR = YES;
				GCC_WARN_UNINITIALIZED_AUTOS = YES_AGGRESSIVE;
				GCC_WARN_UNUSED_FUNCTION = YES;
				GCC_WARN_UNUSED_VARIABLE = YES;
				IPHONEOS_DEPLOYMENT_TARGET = 10.2;
				MTL_ENABLE_DEBUG_INFO = YES;
				ONLY_ACTIVE_ARCH = YES;
				SDKROOT = iphoneos;
				TARGETED_DEVICE_FAMILY = "1,2";
			};
			name = Debug;
		};
		3C75AE361E8BFA7C006CDC0D /* Release */ = {
			isa = XCBuildConfiguration;
			buildSettings = {
				ALWAYS_SEARCH_USER_PATHS = NO;
				CLANG_ANALYZER_NONNULL = YES;
				CLANG_CXX_LANGUAGE_STANDARD = "gnu++0x";
				CLANG_CXX_LIBRARY = "libc++";
				CLANG_ENABLE_MODULES = YES;
				CLANG_ENABLE_OBJC_ARC = YES;
				CLANG_WARN_BOOL_CONVERSION = YES;
				CLANG_WARN_CONSTANT_CONVERSION = YES;
				CLANG_WARN_DIRECT_OBJC_ISA_USAGE = YES_ERROR;
				CLANG_WARN_DOCUMENTATION_COMMENTS = YES;
				CLANG_WARN_EMPTY_BODY = YES;
				CLANG_WARN_ENUM_CONVERSION = YES;
				CLANG_WARN_INFINITE_RECURSION = YES;
				CLANG_WARN_INT_CONVERSION = YES;
				CLANG_WARN_OBJC_ROOT_CLASS = YES_ERROR;
				CLANG_WARN_SUSPICIOUS_MOVE = YES;
				CLANG_WARN_UNREACHABLE_CODE = YES;
				CLANG_WARN__DUPLICATE_METHOD_MATCH = YES;
				"CODE_SIGN_IDENTITY[sdk=iphoneos*]" = "iPhone Developer";
				COPY_PHASE_STRIP = NO;
				DEBUG_INFORMATION_FORMAT = "dwarf-with-dsym";
				ENABLE_NS_ASSERTIONS = NO;
				ENABLE_STRICT_OBJC_MSGSEND = YES;
				GCC_C_LANGUAGE_STANDARD = gnu99;
				GCC_NO_COMMON_BLOCKS = YES;
				GCC_WARN_64_TO_32_BIT_CONVERSION = YES;
				GCC_WARN_ABOUT_RETURN_TYPE = YES_ERROR;
				GCC_WARN_UNDECLARED_SELECTOR = YES;
				GCC_WARN_UNINITIALIZED_AUTOS = YES_AGGRESSIVE;
				GCC_WARN_UNUSED_FUNCTION = YES;
				GCC_WARN_UNUSED_VARIABLE = YES;
				IPHONEOS_DEPLOYMENT_TARGET = 10.2;
				MTL_ENABLE_DEBUG_INFO = NO;
				SDKROOT = iphoneos;
				TARGETED_DEVICE_FAMILY = "1,2";
				VALIDATE_PRODUCT = YES;
			};
			name = Release;
		};
		3C75AE381E8BFA7C006CDC0D /* Debug */ = {
			isa = XCBuildConfiguration;
			buildSettings = {
				ASSETCATALOG_COMPILER_APPICON_NAME = AppIcon;
				DEVELOPMENT_TEAM = NCYYLU3JJG;
				INFOPLIST_FILE = TinkoffNews/Info.plist;
				LD_RUNPATH_SEARCH_PATHS = "$(inherited) @executable_path/Frameworks";
				PRODUCT_BUNDLE_IDENTIFIER = com.TinkoffNews.TinkoffNews;
				PRODUCT_NAME = "$(TARGET_NAME)";
			};
			name = Debug;
		};
		3C75AE391E8BFA7C006CDC0D /* Release */ = {
			isa = XCBuildConfiguration;
			buildSettings = {
				ASSETCATALOG_COMPILER_APPICON_NAME = AppIcon;
				DEVELOPMENT_TEAM = NCYYLU3JJG;
				INFOPLIST_FILE = TinkoffNews/Info.plist;
				LD_RUNPATH_SEARCH_PATHS = "$(inherited) @executable_path/Frameworks";
				PRODUCT_BUNDLE_IDENTIFIER = com.TinkoffNews.TinkoffNews;
				PRODUCT_NAME = "$(TARGET_NAME)";
			};
			name = Release;
		};
		3C75AE3B1E8BFA7C006CDC0D /* Debug */ = {
			isa = XCBuildConfiguration;
			buildSettings = {
				BUNDLE_LOADER = "$(TEST_HOST)";
				INFOPLIST_FILE = TinkoffNewsTests/Info.plist;
				LD_RUNPATH_SEARCH_PATHS = "$(inherited) @executable_path/Frameworks @loader_path/Frameworks";
				PRODUCT_BUNDLE_IDENTIFIER = com.TinkoffNews.TinkoffNewsTests;
				PRODUCT_NAME = "$(TARGET_NAME)";
				TEST_HOST = "$(BUILT_PRODUCTS_DIR)/TinkoffNews.app/TinkoffNews";
			};
			name = Debug;
		};
		3C75AE3C1E8BFA7C006CDC0D /* Release */ = {
			isa = XCBuildConfiguration;
			buildSettings = {
				BUNDLE_LOADER = "$(TEST_HOST)";
				INFOPLIST_FILE = TinkoffNewsTests/Info.plist;
				LD_RUNPATH_SEARCH_PATHS = "$(inherited) @executable_path/Frameworks @loader_path/Frameworks";
				PRODUCT_BUNDLE_IDENTIFIER = com.TinkoffNews.TinkoffNewsTests;
				PRODUCT_NAME = "$(TARGET_NAME)";
				TEST_HOST = "$(BUILT_PRODUCTS_DIR)/TinkoffNews.app/TinkoffNews";
			};
			name = Release;
		};
		3C75AE3E1E8BFA7C006CDC0D /* Debug */ = {
			isa = XCBuildConfiguration;
			buildSettings = {
				INFOPLIST_FILE = TinkoffNewsUITests/Info.plist;
				LD_RUNPATH_SEARCH_PATHS = "$(inherited) @executable_path/Frameworks @loader_path/Frameworks";
				PRODUCT_BUNDLE_IDENTIFIER = com.TinkoffNews.TinkoffNewsUITests;
				PRODUCT_NAME = "$(TARGET_NAME)";
				TEST_TARGET_NAME = TinkoffNews;
			};
			name = Debug;
		};
		3C75AE3F1E8BFA7C006CDC0D /* Release */ = {
			isa = XCBuildConfiguration;
			buildSettings = {
				INFOPLIST_FILE = TinkoffNewsUITests/Info.plist;
				LD_RUNPATH_SEARCH_PATHS = "$(inherited) @executable_path/Frameworks @loader_path/Frameworks";
				PRODUCT_BUNDLE_IDENTIFIER = com.TinkoffNews.TinkoffNewsUITests;
				PRODUCT_NAME = "$(TARGET_NAME)";
				TEST_TARGET_NAME = TinkoffNews;
			};
			name = Release;
		};
/* End XCBuildConfiguration section */

/* Begin XCConfigurationList section */
		3C75ADFF1E8BFA7C006CDC0D /* Build configuration list for PBXProject "TinkoffNews" */ = {
			isa = XCConfigurationList;
			buildConfigurations = (
				3C75AE351E8BFA7C006CDC0D /* Debug */,
				3C75AE361E8BFA7C006CDC0D /* Release */,
			);
			defaultConfigurationIsVisible = 0;
			defaultConfigurationName = Release;
		};
		3C75AE371E8BFA7C006CDC0D /* Build configuration list for PBXNativeTarget "TinkoffNews" */ = {
			isa = XCConfigurationList;
			buildConfigurations = (
				3C75AE381E8BFA7C006CDC0D /* Debug */,
				3C75AE391E8BFA7C006CDC0D /* Release */,
			);
			defaultConfigurationIsVisible = 0;
			defaultConfigurationName = Release;
		};
		3C75AE3A1E8BFA7C006CDC0D /* Build configuration list for PBXNativeTarget "TinkoffNewsTests" */ = {
			isa = XCConfigurationList;
			buildConfigurations = (
				3C75AE3B1E8BFA7C006CDC0D /* Debug */,
				3C75AE3C1E8BFA7C006CDC0D /* Release */,
			);
			defaultConfigurationIsVisible = 0;
			defaultConfigurationName = Release;
		};
		3C75AE3D1E8BFA7C006CDC0D /* Build configuration list for PBXNativeTarget "TinkoffNewsUITests" */ = {
			isa = XCConfigurationList;
			buildConfigurations = (
				3C75AE3E1E8BFA7C006CDC0D /* Debug */,
				3C75AE3F1E8BFA7C006CDC0D /* Release */,
			);
			defaultConfigurationIsVisible = 0;
			defaultConfigurationName = Release;
		};
/* End XCConfigurationList section */

/* Begin XCVersionGroup section */
		3C75AE0D1E8BFA7C006CDC0D /* TinkoffNews.xcdatamodeld */ = {
			isa = XCVersionGroup;
			children = (
				3C75AE0E1E8BFA7C006CDC0D /* TinkoffNews.xcdatamodel */,
			);
			currentVersion = 3C75AE0E1E8BFA7C006CDC0D /* TinkoffNews.xcdatamodel */;
			path = TinkoffNews.xcdatamodeld;
			sourceTree = "<group>";
			versionGroupType = wrapper.xcdatamodel;
		};
/* End XCVersionGroup section */
	};
	rootObject = 3C75ADFC1E8BFA7C006CDC0D /* Project object */;
}
